// !$*UTF8*$!
{
	archiveVersion = 1;
	classes = {
	};
	objectVersion = 46;
	objects = {

/* Begin PBXBuildFile section */
		2B04A7551B1CB088007B34F6 /* CMSVideoViewController.m in Sources */ = {isa = PBXBuildFile; fileRef = 2B04A7541B1CB088007B34F6 /* CMSVideoViewController.m */; };
		2B04A7581B1CB0BB007B34F6 /* ID3AudioViewController.m in Sources */ = {isa = PBXBuildFile; fileRef = 2B04A7571B1CB0BB007B34F6 /* ID3AudioViewController.m */; };
		2B04A75B1B1CB0CC007B34F6 /* CMSAudioViewController.m in Sources */ = {isa = PBXBuildFile; fileRef = 2B04A75A1B1CB0CC007B34F6 /* CMSAudioViewController.m */; };
		2B04A75F1B1CE417007B34F6 /* NielsenAppApi.framework in Frameworks */ = {isa = PBXBuildFile; fileRef = 2B04A75E1B1CE417007B34F6 /* NielsenAppApi.framework */; };
		2B04A7671B1E45E5007B34F6 /* UIKit.framework in Frameworks */ = {isa = PBXBuildFile; fileRef = 2B04A7661B1E45E5007B34F6 /* UIKit.framework */; };
		2B04A7691B1E45EF007B34F6 /* Foundation.framework in Frameworks */ = {isa = PBXBuildFile; fileRef = 2B04A7681B1E45EF007B34F6 /* Foundation.framework */; };
		2B04A76B1B1E45FB007B34F6 /* AdSupport.framework in Frameworks */ = {isa = PBXBuildFile; fileRef = 2B04A76A1B1E45FB007B34F6 /* AdSupport.framework */; };
		2B04A76D1B1E4608007B34F6 /* SystemConfiguration.framework in Frameworks */ = {isa = PBXBuildFile; fileRef = 2B04A76C1B1E4608007B34F6 /* SystemConfiguration.framework */; };
		2B04A76F1B1E4616007B34F6 /* Security.framework in Frameworks */ = {isa = PBXBuildFile; fileRef = 2B04A76E1B1E4616007B34F6 /* Security.framework */; };
		2B04A7711B1E4622007B34F6 /* AVFoundation.framework in Frameworks */ = {isa = PBXBuildFile; fileRef = 2B04A7701B1E4622007B34F6 /* AVFoundation.framework */; };
		2B04A7721B1E4631007B34F6 /* CoreLocation.framework in Frameworks */ = {isa = PBXBuildFile; fileRef = 2B04A7641B1E4581007B34F6 /* CoreLocation.framework */; };
		2B04A7741B1E463A007B34F6 /* CoreMedia.framework in Frameworks */ = {isa = PBXBuildFile; fileRef = 2B04A7731B1E463A007B34F6 /* CoreMedia.framework */; };
		2B04A7751B1E464F007B34F6 /* libsqlite3.dylib in Frameworks */ = {isa = PBXBuildFile; fileRef = 2B04A7611B1E4519007B34F6 /* libsqlite3.dylib */; };
		2B1828E21B14DA0200DC1048 /* main.m in Sources */ = {isa = PBXBuildFile; fileRef = 2B1828E11B14DA0200DC1048 /* main.m */; };
		2B1828E51B14DA0200DC1048 /* AppDelegate.m in Sources */ = {isa = PBXBuildFile; fileRef = 2B1828E41B14DA0200DC1048 /* AppDelegate.m */; };
		2B1828E81B14DA0200DC1048 /* ID3VideoViewController.m in Sources */ = {isa = PBXBuildFile; fileRef = 2B1828E71B14DA0200DC1048 /* ID3VideoViewController.m */; };
		2B1828EB1B14DA0200DC1048 /* Main.storyboard in Resources */ = {isa = PBXBuildFile; fileRef = 2B1828E91B14DA0200DC1048 /* Main.storyboard */; };
		2B1828ED1B14DA0200DC1048 /* Images.xcassets in Resources */ = {isa = PBXBuildFile; fileRef = 2B1828EC1B14DA0200DC1048 /* Images.xcassets */; };
		2B1828F01B14DA0200DC1048 /* LaunchScreen.xib in Resources */ = {isa = PBXBuildFile; fileRef = 2B1828EE1B14DA0200DC1048 /* LaunchScreen.xib */; };
		2B1828FC1B14DA0200DC1048 /* DemoTests.m in Sources */ = {isa = PBXBuildFile; fileRef = 2B1828FB1B14DA0200DC1048 /* DemoTests.m */; };
		2B1829071B14DAFC00DC1048 /* PlayerView.m in Sources */ = {isa = PBXBuildFile; fileRef = 2B1829061B14DAFC00DC1048 /* PlayerView.m */; };
/* End PBXBuildFile section */

/* Begin PBXContainerItemProxy section */
		2B1828F61B14DA0200DC1048 /* PBXContainerItemProxy */ = {
			isa = PBXContainerItemProxy;
			containerPortal = 2B1828D41B14DA0200DC1048 /* Project object */;
			proxyType = 1;
			remoteGlobalIDString = 2B1828DB1B14DA0200DC1048;
			remoteInfo = Demo;
		};
/* End PBXContainerItemProxy section */

/* Begin PBXFileReference section */
		2B04A7531B1CB088007B34F6 /* CMSVideoViewController.h */ = {isa = PBXFileReference; fileEncoding = 4; lastKnownFileType = sourcecode.c.h; path = CMSVideoViewController.h; sourceTree = "<group>"; };
		2B04A7541B1CB088007B34F6 /* CMSVideoViewController.m */ = {isa = PBXFileReference; fileEncoding = 4; lastKnownFileType = sourcecode.c.objc; path = CMSVideoViewController.m; sourceTree = "<group>"; };
		2B04A7561B1CB0BB007B34F6 /* ID3AudioViewController.h */ = {isa = PBXFileReference; fileEncoding = 4; lastKnownFileType = sourcecode.c.h; path = ID3AudioViewController.h; sourceTree = "<group>"; };
		2B04A7571B1CB0BB007B34F6 /* ID3AudioViewController.m */ = {isa = PBXFileReference; fileEncoding = 4; lastKnownFileType = sourcecode.c.objc; path = ID3AudioViewController.m; sourceTree = "<group>"; };
		2B04A7591B1CB0CC007B34F6 /* CMSAudioViewController.h */ = {isa = PBXFileReference; fileEncoding = 4; lastKnownFileType = sourcecode.c.h; path = CMSAudioViewController.h; sourceTree = "<group>"; };
		2B04A75A1B1CB0CC007B34F6 /* CMSAudioViewController.m */ = {isa = PBXFileReference; fileEncoding = 4; lastKnownFileType = sourcecode.c.objc; path = CMSAudioViewController.m; sourceTree = "<group>"; };
		2B04A75E1B1CE417007B34F6 /* NielsenAppApi.framework */ = {isa = PBXFileReference; lastKnownFileType = wrapper.framework; name = NielsenAppApi.framework; path = "../NielsenAppSDK_4.0.0/Nielsen-iOS-App-SDK/Nielsen-iOS-App-SDK/NielsenAppApi.framework"; sourceTree = "<group>"; };
		2B04A7611B1E4519007B34F6 /* libsqlite3.dylib */ = {isa = PBXFileReference; lastKnownFileType = "compiled.mach-o.dylib"; name = libsqlite3.dylib; path = usr/lib/libsqlite3.dylib; sourceTree = SDKROOT; };
		2B04A7641B1E4581007B34F6 /* CoreLocation.framework */ = {isa = PBXFileReference; lastKnownFileType = wrapper.framework; name = CoreLocation.framework; path = System/Library/Frameworks/CoreLocation.framework; sourceTree = SDKROOT; };
		2B04A7661B1E45E5007B34F6 /* UIKit.framework */ = {isa = PBXFileReference; lastKnownFileType = wrapper.framework; name = UIKit.framework; path = System/Library/Frameworks/UIKit.framework; sourceTree = SDKROOT; };
		2B04A7681B1E45EF007B34F6 /* Foundation.framework */ = {isa = PBXFileReference; lastKnownFileType = wrapper.framework; name = Foundation.framework; path = System/Library/Frameworks/Foundation.framework; sourceTree = SDKROOT; };
		2B04A76A1B1E45FB007B34F6 /* AdSupport.framework */ = {isa = PBXFileReference; lastKnownFileType = wrapper.framework; name = AdSupport.framework; path = System/Library/Frameworks/AdSupport.framework; sourceTree = SDKROOT; };
		2B04A76C1B1E4608007B34F6 /* SystemConfiguration.framework */ = {isa = PBXFileReference; lastKnownFileType = wrapper.framework; name = SystemConfiguration.framework; path = System/Library/Frameworks/SystemConfiguration.framework; sourceTree = SDKROOT; };
		2B04A76E1B1E4616007B34F6 /* Security.framework */ = {isa = PBXFileReference; lastKnownFileType = wrapper.framework; name = Security.framework; path = System/Library/Frameworks/Security.framework; sourceTree = SDKROOT; };
		2B04A7701B1E4622007B34F6 /* AVFoundation.framework */ = {isa = PBXFileReference; lastKnownFileType = wrapper.framework; name = AVFoundation.framework; path = System/Library/Frameworks/AVFoundation.framework; sourceTree = SDKROOT; };
		2B04A7731B1E463A007B34F6 /* CoreMedia.framework */ = {isa = PBXFileReference; lastKnownFileType = wrapper.framework; name = CoreMedia.framework; path = System/Library/Frameworks/CoreMedia.framework; sourceTree = SDKROOT; };
		2B1828DC1B14DA0200DC1048 /* Demo.app */ = {isa = PBXFileReference; explicitFileType = wrapper.application; includeInIndex = 0; path = Demo.app; sourceTree = BUILT_PRODUCTS_DIR; };
		2B1828E01B14DA0200DC1048 /* Info.plist */ = {isa = PBXFileReference; lastKnownFileType = text.plist.xml; path = Info.plist; sourceTree = "<group>"; };
		2B1828E11B14DA0200DC1048 /* main.m */ = {isa = PBXFileReference; lastKnownFileType = sourcecode.c.objc; path = main.m; sourceTree = "<group>"; };
		2B1828E31B14DA0200DC1048 /* AppDelegate.h */ = {isa = PBXFileReference; lastKnownFileType = sourcecode.c.h; path = AppDelegate.h; sourceTree = "<group>"; };
		2B1828E41B14DA0200DC1048 /* AppDelegate.m */ = {isa = PBXFileReference; lastKnownFileType = sourcecode.c.objc; path = AppDelegate.m; sourceTree = "<group>"; };
		2B1828E61B14DA0200DC1048 /* ID3VideoViewController.h */ = {isa = PBXFileReference; lastKnownFileType = sourcecode.c.h; path = ID3VideoViewController.h; sourceTree = "<group>"; };
		2B1828E71B14DA0200DC1048 /* ID3VideoViewController.m */ = {isa = PBXFileReference; lastKnownFileType = sourcecode.c.objc; path = ID3VideoViewController.m; sourceTree = "<group>"; };
		2B1828EA1B14DA0200DC1048 /* Base */ = {isa = PBXFileReference; lastKnownFileType = file.storyboard; name = Base; path = Base.lproj/Main.storyboard; sourceTree = "<group>"; };
		2B1828EC1B14DA0200DC1048 /* Images.xcassets */ = {isa = PBXFileReference; lastKnownFileType = folder.assetcatalog; path = Images.xcassets; sourceTree = "<group>"; };
		2B1828EF1B14DA0200DC1048 /* Base */ = {isa = PBXFileReference; lastKnownFileType = file.xib; name = Base; path = Base.lproj/LaunchScreen.xib; sourceTree = "<group>"; };
		2B1828F51B14DA0200DC1048 /* DemoTests.xctest */ = {isa = PBXFileReference; explicitFileType = wrapper.cfbundle; includeInIndex = 0; path = DemoTests.xctest; sourceTree = BUILT_PRODUCTS_DIR; };
		2B1828FA1B14DA0200DC1048 /* Info.plist */ = {isa = PBXFileReference; lastKnownFileType = text.plist.xml; path = Info.plist; sourceTree = "<group>"; };
		2B1828FB1B14DA0200DC1048 /* DemoTests.m */ = {isa = PBXFileReference; lastKnownFileType = sourcecode.c.objc; path = DemoTests.m; sourceTree = "<group>"; };
		2B1829051B14DAFC00DC1048 /* PlayerView.h */ = {isa = PBXFileReference; fileEncoding = 4; lastKnownFileType = sourcecode.c.h; path = PlayerView.h; sourceTree = "<group>"; };
		2B1829061B14DAFC00DC1048 /* PlayerView.m */ = {isa = PBXFileReference; fileEncoding = 4; lastKnownFileType = sourcecode.c.objc; path = PlayerView.m; sourceTree = "<group>"; };
/* End PBXFileReference section */

/* Begin PBXFrameworksBuildPhase section */
		2B1828D91B14DA0200DC1048 /* Frameworks */ = {
			isa = PBXFrameworksBuildPhase;
			buildActionMask = 2147483647;
			files = (
				2B04A7751B1E464F007B34F6 /* libsqlite3.dylib in Frameworks */,
				2B04A7741B1E463A007B34F6 /* CoreMedia.framework in Frameworks */,
				2B04A7721B1E4631007B34F6 /* CoreLocation.framework in Frameworks */,
				2B04A7711B1E4622007B34F6 /* AVFoundation.framework in Frameworks */,
				2B04A76F1B1E4616007B34F6 /* Security.framework in Frameworks */,
				2B04A76D1B1E4608007B34F6 /* SystemConfiguration.framework in Frameworks */,
				2B04A76B1B1E45FB007B34F6 /* AdSupport.framework in Frameworks */,
				2B04A7691B1E45EF007B34F6 /* Foundation.framework in Frameworks */,
				2B04A7671B1E45E5007B34F6 /* UIKit.framework in Frameworks */,
				2B04A75F1B1CE417007B34F6 /* NielsenAppApi.framework in Frameworks */,
			);
			runOnlyForDeploymentPostprocessing = 0;
		};
		2B1828F21B14DA0200DC1048 /* Frameworks */ = {
			isa = PBXFrameworksBuildPhase;
			buildActionMask = 2147483647;
			files = (
			);
			runOnlyForDeploymentPostprocessing = 0;
		};
/* End PBXFrameworksBuildPhase section */

/* Begin PBXGroup section */
		2B1828D31B14DA0200DC1048 = {
			isa = PBXGroup;
			children = (
				2B04A7731B1E463A007B34F6 /* CoreMedia.framework */,
				2B04A7701B1E4622007B34F6 /* AVFoundation.framework */,
				2B04A76E1B1E4616007B34F6 /* Security.framework */,
				2B04A76C1B1E4608007B34F6 /* SystemConfiguration.framework */,
				2B04A76A1B1E45FB007B34F6 /* AdSupport.framework */,
				2B04A7681B1E45EF007B34F6 /* Foundation.framework */,
				2B04A7661B1E45E5007B34F6 /* UIKit.framework */,
				2B04A7641B1E4581007B34F6 /* CoreLocation.framework */,
				2B04A7611B1E4519007B34F6 /* libsqlite3.dylib */,
				2B04A75E1B1CE417007B34F6 /* NielsenAppApi.framework */,
				2B1828DE1B14DA0200DC1048 /* Demo */,
				2B1828F81B14DA0200DC1048 /* DemoTests */,
				2B1828DD1B14DA0200DC1048 /* Products */,
			);
			sourceTree = "<group>";
		};
		2B1828DD1B14DA0200DC1048 /* Products */ = {
			isa = PBXGroup;
			children = (
				2B1828DC1B14DA0200DC1048 /* Demo.app */,
				2B1828F51B14DA0200DC1048 /* DemoTests.xctest */,
			);
			name = Products;
			sourceTree = "<group>";
		};
		2B1828DE1B14DA0200DC1048 /* Demo */ = {
			isa = PBXGroup;
			children = (
				2B1828E31B14DA0200DC1048 /* AppDelegate.h */,
				2B1828E41B14DA0200DC1048 /* AppDelegate.m */,
				2B1829051B14DAFC00DC1048 /* PlayerView.h */,
				2B1829061B14DAFC00DC1048 /* PlayerView.m */,
				2B1828E61B14DA0200DC1048 /* ID3VideoViewController.h */,
				2B1828E71B14DA0200DC1048 /* ID3VideoViewController.m */,
				2B04A7531B1CB088007B34F6 /* CMSVideoViewController.h */,
				2B04A7541B1CB088007B34F6 /* CMSVideoViewController.m */,
				2B04A7561B1CB0BB007B34F6 /* ID3AudioViewController.h */,
				2B04A7571B1CB0BB007B34F6 /* ID3AudioViewController.m */,
				2B04A7591B1CB0CC007B34F6 /* CMSAudioViewController.h */,
				2B04A75A1B1CB0CC007B34F6 /* CMSAudioViewController.m */,
				2B1828E91B14DA0200DC1048 /* Main.storyboard */,
				2B1828EC1B14DA0200DC1048 /* Images.xcassets */,
				2B1828EE1B14DA0200DC1048 /* LaunchScreen.xib */,
				2B1828DF1B14DA0200DC1048 /* Supporting Files */,
			);
			path = Demo;
			sourceTree = "<group>";
		};
		2B1828DF1B14DA0200DC1048 /* Supporting Files */ = {
			isa = PBXGroup;
			children = (
				2B1828E01B14DA0200DC1048 /* Info.plist */,
				2B1828E11B14DA0200DC1048 /* main.m */,
			);
			name = "Supporting Files";
			sourceTree = "<group>";
		};
		2B1828F81B14DA0200DC1048 /* DemoTests */ = {
			isa = PBXGroup;
			children = (
				2B1828FB1B14DA0200DC1048 /* DemoTests.m */,
				2B1828F91B14DA0200DC1048 /* Supporting Files */,
			);
			path = DemoTests;
			sourceTree = "<group>";
		};
		2B1828F91B14DA0200DC1048 /* Supporting Files */ = {
			isa = PBXGroup;
			children = (
				2B1828FA1B14DA0200DC1048 /* Info.plist */,
			);
			name = "Supporting Files";
			sourceTree = "<group>";
		};
/* End PBXGroup section */

/* Begin PBXNativeTarget section */
		2B1828DB1B14DA0200DC1048 /* Demo */ = {
			isa = PBXNativeTarget;
			buildConfigurationList = 2B1828FF1B14DA0200DC1048 /* Build configuration list for PBXNativeTarget "Demo" */;
			buildPhases = (
				2B1828D81B14DA0200DC1048 /* Sources */,
				2B1828D91B14DA0200DC1048 /* Frameworks */,
				2B1828DA1B14DA0200DC1048 /* Resources */,
			);
			buildRules = (
			);
			dependencies = (
			);
			name = Demo;
			productName = Demo;
			productReference = 2B1828DC1B14DA0200DC1048 /* Demo.app */;
			productType = "com.apple.product-type.application";
		};
		2B1828F41B14DA0200DC1048 /* DemoTests */ = {
			isa = PBXNativeTarget;
			buildConfigurationList = 2B1829021B14DA0200DC1048 /* Build configuration list for PBXNativeTarget "DemoTests" */;
			buildPhases = (
				2B1828F11B14DA0200DC1048 /* Sources */,
				2B1828F21B14DA0200DC1048 /* Frameworks */,
				2B1828F31B14DA0200DC1048 /* Resources */,
			);
			buildRules = (
			);
			dependencies = (
				2B1828F71B14DA0200DC1048 /* PBXTargetDependency */,
			);
			name = DemoTests;
			productName = DemoTests;
			productReference = 2B1828F51B14DA0200DC1048 /* DemoTests.xctest */;
			productType = "com.apple.product-type.bundle.unit-test";
		};
/* End PBXNativeTarget section */

/* Begin PBXProject section */
		2B1828D41B14DA0200DC1048 /* Project object */ = {
			isa = PBXProject;
			attributes = {
				LastUpgradeCheck = 0630;
				ORGANIZATIONNAME = Nielsen;
				TargetAttributes = {
					2B1828DB1B14DA0200DC1048 = {
						CreatedOnToolsVersion = 6.3.1;
						DevelopmentTeam = 8ZF8P38LBQ;
					};
					2B1828F41B14DA0200DC1048 = {
						CreatedOnToolsVersion = 6.3.1;
						TestTargetID = 2B1828DB1B14DA0200DC1048;
					};
				};
			};
			buildConfigurationList = 2B1828D71B14DA0200DC1048 /* Build configuration list for PBXProject "Demo" */;
			compatibilityVersion = "Xcode 3.2";
			developmentRegion = English;
			hasScannedForEncodings = 0;
			knownRegions = (
				en,
				Base,
			);
			mainGroup = 2B1828D31B14DA0200DC1048;
			productRefGroup = 2B1828DD1B14DA0200DC1048 /* Products */;
			projectDirPath = "";
			projectRoot = "";
			targets = (
				2B1828DB1B14DA0200DC1048 /* Demo */,
				2B1828F41B14DA0200DC1048 /* DemoTests */,
			);
		};
/* End PBXProject section */

/* Begin PBXResourcesBuildPhase section */
		2B1828DA1B14DA0200DC1048 /* Resources */ = {
			isa = PBXResourcesBuildPhase;
			buildActionMask = 2147483647;
			files = (
				2B1828EB1B14DA0200DC1048 /* Main.storyboard in Resources */,
				2B1828F01B14DA0200DC1048 /* LaunchScreen.xib in Resources */,
				2B1828ED1B14DA0200DC1048 /* Images.xcassets in Resources */,
			);
			runOnlyForDeploymentPostprocessing = 0;
		};
		2B1828F31B14DA0200DC1048 /* Resources */ = {
			isa = PBXResourcesBuildPhase;
			buildActionMask = 2147483647;
			files = (
			);
			runOnlyForDeploymentPostprocessing = 0;
		};
/* End PBXResourcesBuildPhase section */

/* Begin PBXSourcesBuildPhase section */
		2B1828D81B14DA0200DC1048 /* Sources */ = {
			isa = PBXSourcesBuildPhase;
			buildActionMask = 2147483647;
			files = (
				2B04A75B1B1CB0CC007B34F6 /* CMSAudioViewController.m in Sources */,
				2B04A7551B1CB088007B34F6 /* CMSVideoViewController.m in Sources */,
				2B1828E81B14DA0200DC1048 /* ID3VideoViewController.m in Sources */,
				2B04A7581B1CB0BB007B34F6 /* ID3AudioViewController.m in Sources */,
				2B1828E51B14DA0200DC1048 /* AppDelegate.m in Sources */,
				2B1828E21B14DA0200DC1048 /* main.m in Sources */,
				2B1829071B14DAFC00DC1048 /* PlayerView.m in Sources */,
			);
			runOnlyForDeploymentPostprocessing = 0;
		};
		2B1828F11B14DA0200DC1048 /* Sources */ = {
			isa = PBXSourcesBuildPhase;
			buildActionMask = 2147483647;
			files = (
				2B1828FC1B14DA0200DC1048 /* DemoTests.m in Sources */,
			);
			runOnlyForDeploymentPostprocessing = 0;
		};
/* End PBXSourcesBuildPhase section */

/* Begin PBXTargetDependency section */
		2B1828F71B14DA0200DC1048 /* PBXTargetDependency */ = {
			isa = PBXTargetDependency;
			target = 2B1828DB1B14DA0200DC1048 /* Demo */;
			targetProxy = 2B1828F61B14DA0200DC1048 /* PBXContainerItemProxy */;
		};
/* End PBXTargetDependency section */

/* Begin PBXVariantGroup section */
		2B1828E91B14DA0200DC1048 /* Main.storyboard */ = {
			isa = PBXVariantGroup;
			children = (
				2B1828EA1B14DA0200DC1048 /* Base */,
			);
			name = Main.storyboard;
			sourceTree = "<group>";
		};
		2B1828EE1B14DA0200DC1048 /* LaunchScreen.xib */ = {
			isa = PBXVariantGroup;
			children = (
				2B1828EF1B14DA0200DC1048 /* Base */,
			);
			name = LaunchScreen.xib;
			sourceTree = "<group>";
		};
/* End PBXVariantGroup section */

/* Begin XCBuildConfiguration section */
		2B1828FD1B14DA0200DC1048 /* Debug */ = {
			isa = XCBuildConfiguration;
			buildSettings = {
				ALWAYS_SEARCH_USER_PATHS = NO;
				CLANG_CXX_LANGUAGE_STANDARD = "gnu++0x";
				CLANG_CXX_LIBRARY = "libc++";
				CLANG_ENABLE_MODULES = YES;
				CLANG_ENABLE_OBJC_ARC = YES;
				CLANG_WARN_BOOL_CONVERSION = YES;
				CLANG_WARN_CONSTANT_CONVERSION = YES;
				CLANG_WARN_DIRECT_OBJC_ISA_USAGE = YES_ERROR;
				CLANG_WARN_EMPTY_BODY = YES;
				CLANG_WARN_ENUM_CONVERSION = YES;
				CLANG_WARN_INT_CONVERSION = YES;
				CLANG_WARN_OBJC_ROOT_CLASS = YES_ERROR;
				CLANG_WARN_UNREACHABLE_CODE = YES;
				CLANG_WARN__DUPLICATE_METHOD_MATCH = YES;
				"CODE_SIGN_IDENTITY[sdk=iphoneos*]" = "iPhone Developer";
				COPY_PHASE_STRIP = NO;
				DEBUG_INFORMATION_FORMAT = "dwarf-with-dsym";
				ENABLE_STRICT_OBJC_MSGSEND = YES;
				GCC_C_LANGUAGE_STANDARD = gnu99;
				GCC_DYNAMIC_NO_PIC = NO;
				GCC_NO_COMMON_BLOCKS = YES;
				GCC_OPTIMIZATION_LEVEL = 0;
				GCC_PREPROCESSOR_DEFINITIONS = (
					"DEBUG=1",
					"$(inherited)",
				);
				GCC_SYMBOLS_PRIVATE_EXTERN = NO;
				GCC_WARN_64_TO_32_BIT_CONVERSION = YES;
				GCC_WARN_ABOUT_RETURN_TYPE = YES_ERROR;
				GCC_WARN_UNDECLARED_SELECTOR = YES;
				GCC_WARN_UNINITIALIZED_AUTOS = YES_AGGRESSIVE;
				GCC_WARN_UNUSED_FUNCTION = YES;
				GCC_WARN_UNUSED_VARIABLE = YES;
				IPHONEOS_DEPLOYMENT_TARGET = 8.3;
				MTL_ENABLE_DEBUG_INFO = YES;
				ONLY_ACTIVE_ARCH = YES;
				SDKROOT = iphoneos;
				TARGETED_DEVICE_FAMILY = "1,2";
			};
			name = Debug;
		};
		2B1828FE1B14DA0200DC1048 /* Release */ = {
			isa = XCBuildConfiguration;
			buildSettings = {
				ALWAYS_SEARCH_USER_PATHS = NO;
				CLANG_CXX_LANGUAGE_STANDARD = "gnu++0x";
				CLANG_CXX_LIBRARY = "libc++";
				CLANG_ENABLE_MODULES = YES;
				CLANG_ENABLE_OBJC_ARC = YES;
				CLANG_WARN_BOOL_CONVERSION = YES;
				CLANG_WARN_CONSTANT_CONVERSION = YES;
				CLANG_WARN_DIRECT_OBJC_ISA_USAGE = YES_ERROR;
				CLANG_WARN_EMPTY_BODY = YES;
				CLANG_WARN_ENUM_CONVERSION = YES;
				CLANG_WARN_INT_CONVERSION = YES;
				CLANG_WARN_OBJC_ROOT_CLASS = YES_ERROR;
				CLANG_WARN_UNREACHABLE_CODE = YES;
				CLANG_WARN__DUPLICATE_METHOD_MATCH = YES;
				"CODE_SIGN_IDENTITY[sdk=iphoneos*]" = "iPhone Developer";
				COPY_PHASE_STRIP = NO;
				DEBUG_INFORMATION_FORMAT = "dwarf-with-dsym";
				ENABLE_NS_ASSERTIONS = NO;
				ENABLE_STRICT_OBJC_MSGSEND = YES;
				GCC_C_LANGUAGE_STANDARD = gnu99;
				GCC_NO_COMMON_BLOCKS = YES;
				GCC_WARN_64_TO_32_BIT_CONVERSION = YES;
				GCC_WARN_ABOUT_RETURN_TYPE = YES_ERROR;
				GCC_WARN_UNDECLARED_SELECTOR = YES;
				GCC_WARN_UNINITIALIZED_AUTOS = YES_AGGRESSIVE;
				GCC_WARN_UNUSED_FUNCTION = YES;
				GCC_WARN_UNUSED_VARIABLE = YES;
				IPHONEOS_DEPLOYMENT_TARGET = 8.3;
				MTL_ENABLE_DEBUG_INFO = NO;
				SDKROOT = iphoneos;
				TARGETED_DEVICE_FAMILY = "1,2";
				VALIDATE_PRODUCT = YES;
			};
			name = Release;
		};
		2B1829001B14DA0200DC1048 /* Debug */ = {
			isa = XCBuildConfiguration;
			buildSettings = {
				ASSETCATALOG_COMPILER_APPICON_NAME = AppIcon;
				CODE_SIGN_IDENTITY = "iPhone Developer";
				"CODE_SIGN_IDENTITY[sdk=iphoneos*]" = "iPhone Developer";
				FRAMEWORK_SEARCH_PATHS = (
					"$(inherited)",
					"/Users/wesley/Downloads/NielsenAppSDK_4.0.0/Nielsen-iOS-App-SDK/Nielsen-iOS-App-SDK",
					"/Users/wesley/Code/NielsenAppSDK_4.0.0/Nielsen-iOS-App-SDK/Nielsen-iOS-App-SDK",
				);
				INFOPLIST_FILE = Demo/Info.plist;
				LD_RUNPATH_SEARCH_PATHS = "$(inherited) @executable_path/Frameworks";
				"OTHER_LDFLAGS[arch=*]" = "-lstdc++";
				PRODUCT_NAME = "$(TARGET_NAME)";
				PROVISIONING_PROFILE = "";
			};
			name = Debug;
		};
		2B1829011B14DA0200DC1048 /* Release */ = {
			isa = XCBuildConfiguration;
			buildSettings = {
				ASSETCATALOG_COMPILER_APPICON_NAME = AppIcon;
				CODE_SIGN_IDENTITY = "iPhone Developer";
				"CODE_SIGN_IDENTITY[sdk=iphoneos*]" = "iPhone Developer";
				FRAMEWORK_SEARCH_PATHS = (
					"$(inherited)",
					"/Users/wesley/Downloads/NielsenAppSDK_4.0.0/Nielsen-iOS-App-SDK/Nielsen-iOS-App-SDK",
					"/Users/wesley/Code/NielsenAppSDK_4.0.0/Nielsen-iOS-App-SDK/Nielsen-iOS-App-SDK",
				);
				INFOPLIST_FILE = Demo/Info.plist;
				LD_RUNPATH_SEARCH_PATHS = "$(inherited) @executable_path/Frameworks";
				"OTHER_LDFLAGS[arch=*]" = "-lstdc++";
				PRODUCT_NAME = "$(TARGET_NAME)";
				PROVISIONING_PROFILE = "";
			};
			name = Release;
		};
		2B1829031B14DA0200DC1048 /* Debug */ = {
			isa = XCBuildConfiguration;
			buildSettings = {
				BUNDLE_LOADER = "$(TEST_HOST)";
				FRAMEWORK_SEARCH_PATHS = (
					"$(SDKROOT)/Developer/Library/Frameworks",
					"$(inherited)",
				);
				GCC_PREPROCESSOR_DEFINITIONS = (
					"DEBUG=1",
					"$(inherited)",
				);
				INFOPLIST_FILE = DemoTests/Info.plist;
				LD_RUNPATH_SEARCH_PATHS = "$(inherited) @executable_path/Frameworks @loader_path/Frameworks";
				PRODUCT_NAME = "$(TARGET_NAME)";
				TEST_HOST = "$(BUILT_PRODUCTS_DIR)/Demo.app/Demo";
			};
			name = Debug;
		};
		2B1829041B14DA0200DC1048 /* Release */ = {
			isa = XCBuildConfiguration;
			buildSettings = {
				BUNDLE_LOADER = "$(TEST_HOST)";
				FRAMEWORK_SEARCH_PATHS = (
					"$(SDKROOT)/Developer/Library/Frameworks",
					"$(inherited)",
				);
				INFOPLIST_FILE = DemoTests/Info.plist;
				LD_RUNPATH_SEARCH_PATHS = "$(inherited) @executable_path/Frameworks @loader_path/Frameworks";
				PRODUCT_NAME = "$(TARGET_NAME)";
				TEST_HOST = "$(BUILT_PRODUCTS_DIR)/Demo.app/Demo";
			};
			name = Release;
		};
/* End XCBuildConfiguration section */

/* Begin XCConfigurationList section */
		2B1828D71B14DA0200DC1048 /* Build configuration list for PBXProject "Demo" */ = {
			isa = XCConfigurationList;
			buildConfigurations = (
				2B1828FD1B14DA0200DC1048 /* Debug */,
				2B1828FE1B14DA0200DC1048 /* Release */,
			);
			defaultConfigurationIsVisible = 0;
			defaultConfigurationName = Release;
		};
		2B1828FF1B14DA0200DC1048 /* Build configuration list for PBXNativeTarget "Demo" */ = {
			isa = XCConfigurationList;
			buildConfigurations = (
				2B1829001B14DA0200DC1048 /* Debug */,
				2B1829011B14DA0200DC1048 /* Release */,
			);
			defaultConfigurationIsVisible = 0;
			defaultConfigurationName = Release;
		};
		2B1829021B14DA0200DC1048 /* Build configuration list for PBXNativeTarget "DemoTests" */ = {
			isa = XCConfigurationList;
			buildConfigurations = (
				2B1829031B14DA0200DC1048 /* Debug */,
				2B1829041B14DA0200DC1048 /* Release */,
			);
			defaultConfigurationIsVisible = 0;
			defaultConfigurationName = Release;
		};
/* End XCConfigurationList section */
	};
	rootObject = 2B1828D41B14DA0200DC1048 /* Project object */;
}
